
Microsoft Visual Studio Solution File, Format Version 12.00
# Visual Studio Version 17
VisualStudioVersion = 17.14.36804.6
MinimumVisualStudioVersion = 10.0.40219.1
Project("{FAE04EC0-301F-11D3-BF4B-00C04F79EFBC}") = "PandaRodRechargeMod", "PandaRodRechargeMod.csproj", "{44A91308-FD64-44F5-B7E0-F05969D80FF5}"
EndProject
Global
	GlobalSection(SolutionConfigurationPlatforms) = preSolution
		Debug|Any CPU = Debug|Any CPU
		Release|Any CPU = Release|Any CPU
	EndGlobalSection
	GlobalSection(ProjectConfigurationPlatforms) = postSolution
		{44A91308-FD64-44F5-B7E0-F05969D80FF5}.Debug|Any CPU.ActiveCfg = Debug|Any CPU
		{44A91308-FD64-44F5-B7E0-F05969D80FF5}.Debug|Any CPU.Build.0 = Debug|Any CPU
		{44A91308-FD64-44F5-B7E0-F05969D80FF5}.Release|Any CPU.ActiveCfg = Release|Any CPU
		{44A91308-FD64-44F5-B7E0-F05969D80FF5}.Release|Any CPU.Build.0 = Release|Any CPU
	EndGlobalSection
	GlobalSection(SolutionProperties) = preSolution
		HideSolutionNode = FALSE
	EndGlobalSection
	GlobalSection(ExtensibilityGlobals) = postSolution
		SolutionGuid = {ACE967B1-CFE2-4D64-BCC5-648C0EF98867}
	EndGlobalSection
EndGlobal
